
Microsoft Visual Studio Solution File, Format Version 11.00
# Visual C++ Express 2010
Project("{8BC9CEB8-8B4A-11D0-8D11-00A0C91BC942}") = "Linear PDE", "..\Users\hsn\documents\visual studio 2010\Projects\Linear PDE\Linear PDE.vcxproj", "{BF328FDC-2F2E-4C57-960E-499BD51F6512}"
EndProject
Global
	GlobalSection(SolutionConfigurationPlatforms) = preSolution
		Debug|Win32 = Debug|Win32
		Release|Win32 = Release|Win32
	EndGlobalSection
	GlobalSection(ProjectConfigurationPlatforms) = postSolution
		{BF328FDC-2F2E-4C57-960E-499BD51F6512}.Debug|Win32.ActiveCfg = Debug|Win32
		{BF328FDC-2F2E-4C57-960E-499BD51F6512}.Debug|Win32.Build.0 = Debug|Win32
		{BF328FDC-2F2E-4C57-960E-499BD51F6512}.Release|Win32.ActiveCfg = Release|Win32
		{BF328FDC-2F2E-4C57-960E-499BD51F6512}.Release|Win32.Build.0 = Release|Win32
	EndGlobalSection
	GlobalSection(SolutionProperties) = preSolution
		HideSolutionNode = FALSE
	EndGlobalSection
EndGlobal
